
Microsoft Visual Studio Solution File, Format Version 12.00
# Visual Studio Version 17
VisualStudioVersion = 17.5.33516.290
MinimumVisualStudioVersion = 10.0.40219.1
Project("{FAE04EC0-301F-11D3-BF4B-00C04F79EFBC}") = "WebApplication1", "WebApplication1\WebApplication1.csproj", "{F96D4C12-E73B-44D2-8A88-8A42822A5E33}"
EndProject
Global
	GlobalSection(SolutionConfigurationPlatforms) = preSolution
		Debug|Any CPU = Debug|Any CPU
		Release|Any CPU = Release|Any CPU
	EndGlobalSection
	GlobalSection(ProjectConfigurationPlatforms) = postSolution
		{F96D4C12-E73B-44D2-8A88-8A42822A5E33}.Debug|Any CPU.ActiveCfg = Debug|Any CPU
		{F96D4C12-E73B-44D2-8A88-8A42822A5E33}.Debug|Any CPU.Build.0 = Debug|Any CPU
		{F96D4C12-E73B-44D2-8A88-8A42822A5E33}.Release|Any CPU.ActiveCfg = Release|Any CPU
		{F96D4C12-E73B-44D2-8A88-8A42822A5E33}.Release|Any CPU.Build.0 = Release|Any CPU
	EndGlobalSection
	GlobalSection(SolutionProperties) = preSolution
		HideSolutionNode = FALSE
	EndGlobalSection
	GlobalSection(ExtensibilityGlobals) = postSolution
		SolutionGuid = {78C8E623-0A3C-4F6D-AB98-BB3BC2150C72}
	EndGlobalSection
EndGlobal
